
Microsoft Visual Studio Solution File, Format Version 12.00
# Visual Studio Version 16
VisualStudioVersion = 16.0.30011.22
MinimumVisualStudioVersion = 10.0.40219.1
Project("{2150E333-8FDC-42A3-9474-1A3956D46DE8}") = "Tests", "Tests", "{DD0DE216-F438-4B51-8F20-D2ECA85CCCC4}"
EndProject
Project("{FAE04EC0-301F-11D3-BF4B-00C04F79EFBC}") = "SonicSoft.Azure.Search.Query.Builder", "SonicSoft.Azure.Search.Query.Builder\SonicSoft.Azure.Search.Query.Builder.csproj", "{5CAB178D-D4B2-4898-B8CC-11E10377F4CC}"
EndProject
Project("{FAE04EC0-301F-11D3-BF4B-00C04F79EFBC}") = "SonicSoft.Azure.Search.Query.Builder.Tests", "SonicSoft.Azure.Search.Query.Builder.Tests\SonicSoft.Azure.Search.Query.Builder.Tests.csproj", "{7B32DAE6-05A0-4F95-B0F4-512477938A31}"
EndProject
Global
	GlobalSection(SolutionConfigurationPlatforms) = preSolution
		Debug|Any CPU = Debug|Any CPU
		Release|Any CPU = Release|Any CPU
	EndGlobalSection
	GlobalSection(ProjectConfigurationPlatforms) = postSolution
		{5CAB178D-D4B2-4898-B8CC-11E10377F4CC}.Debug|Any CPU.ActiveCfg = Debug|Any CPU
		{5CAB178D-D4B2-4898-B8CC-11E10377F4CC}.Debug|Any CPU.Build.0 = Debug|Any CPU
		{5CAB178D-D4B2-4898-B8CC-11E10377F4CC}.Release|Any CPU.ActiveCfg = Release|Any CPU
		{5CAB178D-D4B2-4898-B8CC-11E10377F4CC}.Release|Any CPU.Build.0 = Release|Any CPU
		{7B32DAE6-05A0-4F95-B0F4-512477938A31}.Debug|Any CPU.ActiveCfg = Debug|Any CPU
		{7B32DAE6-05A0-4F95-B0F4-512477938A31}.Debug|Any CPU.Build.0 = Debug|Any CPU
		{7B32DAE6-05A0-4F95-B0F4-512477938A31}.Release|Any CPU.ActiveCfg = Release|Any CPU
		{7B32DAE6-05A0-4F95-B0F4-512477938A31}.Release|Any CPU.Build.0 = Release|Any CPU
	EndGlobalSection
	GlobalSection(SolutionProperties) = preSolution
		HideSolutionNode = FALSE
	EndGlobalSection
	GlobalSection(NestedProjects) = preSolution
		{7B32DAE6-05A0-4F95-B0F4-512477938A31} = {DD0DE216-F438-4B51-8F20-D2ECA85CCCC4}
	EndGlobalSection
	GlobalSection(ExtensibilityGlobals) = postSolution
		SolutionGuid = {A684CFF5-5F8C-4FA9-ADC8-B9A157810241}
	EndGlobalSection
EndGlobal
